
Microsoft Visual Studio Solution File, Format Version 12.00
# Visual Studio 14
VisualStudioVersion = 14.0.25420.1
MinimumVisualStudioVersion = 10.0.40219.1
Project("{FAE04EC0-301F-11D3-BF4B-00C04F79EFBC}") = "ToDoApp_XamarinForms.Droid", "ToDoApp_XamarinForms\ToDoApp_XamarinForms.Droid\ToDoApp_XamarinForms.Droid.csproj", "{76410933-144B-4807-A155-0BB9F3E7D7A7}"
EndProject
Project("{FAE04EC0-301F-11D3-BF4B-00C04F79EFBC}") = "ToDoApp_XamarinForms", "ToDoApp_XamarinForms\ToDoApp_XamarinForms\ToDoApp_XamarinForms.csproj", "{3F1596FF-24E3-4DB8-A203-A3D2D72A69DD}"
EndProject
Project("{FAE04EC0-301F-11D3-BF4B-00C04F79EFBC}") = "ToDoApp_XamarinForms.WinPhone", "ToDoApp_XamarinForms\ToDoApp_XamarinForms.WinPhone\ToDoApp_XamarinForms.WinPhone.csproj", "{4EC5DC4E-19C3-4C19-ABAE-FAFAB023273D}"
EndProject
Project("{FAE04EC0-301F-11D3-BF4B-00C04F79EFBC}") = "ToDoApp_XamarinForms.UWP", "ToDoApp_XamarinForms\ToDoApp_XamarinForms.UWP\ToDoApp_XamarinForms.UWP.csproj", "{F9E67A1E-F9F4-4568-A414-7270FA0459D9}"
EndProject
Project("{FAE04EC0-301F-11D3-BF4B-00C04F79EFBC}") = "ToDoApp_XamarinForms.iOS", "ToDoApp_XamarinForms\ToDoApp_XamarinForms.iOS\ToDoApp_XamarinForms.iOS.csproj", "{3A8A038E-1C0E-4B88-976C-D532D5022681}"
EndProject
Project("{FAE04EC0-301F-11D3-BF4B-00C04F79EFBC}") = "ToDoApp_XamarinForms.Windows", "ToDoApp_XamarinForms\ToDoApp_XamarinForms.Windows\ToDoApp_XamarinForms.Windows.csproj", "{C0442550-6605-4C2A-BA93-20CDF6096016}"
EndProject
Global
	GlobalSection(SolutionConfigurationPlatforms) = preSolution
		Ad-Hoc|Any CPU = Ad-Hoc|Any CPU
		Ad-Hoc|ARM = Ad-Hoc|ARM
		Ad-Hoc|iPhone = Ad-Hoc|iPhone
		Ad-Hoc|iPhoneSimulator = Ad-Hoc|iPhoneSimulator
		Ad-Hoc|x64 = Ad-Hoc|x64
		Ad-Hoc|x86 = Ad-Hoc|x86
		AppStore|Any CPU = AppStore|Any CPU
		AppStore|ARM = AppStore|ARM
		AppStore|iPhone = AppStore|iPhone
		AppStore|iPhoneSimulator = AppStore|iPhoneSimulator
		AppStore|x64 = AppStore|x64
		AppStore|x86 = AppStore|x86
		Debug|Any CPU = Debug|Any CPU
		Debug|ARM = Debug|ARM
		Debug|iPhone = Debug|iPhone
		Debug|iPhoneSimulator = Debug|iPhoneSimulator
		Debug|x64 = Debug|x64
		Debug|x86 = Debug|x86
		Release|Any CPU = Release|Any CPU
		Release|ARM = Release|ARM
		Release|iPhone = Release|iPhone
		Release|iPhoneSimulator = Release|iPhoneSimulator
		Release|x64 = Release|x64
		Release|x86 = Release|x86
	EndGlobalSection
	GlobalSection(ProjectConfigurationPlatforms) = postSolution
		{76410933-144B-4807-A155-0BB9F3E7D7A7}.Ad-Hoc|Any CPU.ActiveCfg = Release|Any CPU
		{76410933-144B-4807-A155-0BB9F3E7D7A7}.Ad-Hoc|Any CPU.Build.0 = Release|Any CPU
		{76410933-144B-4807-A155-0BB9F3E7D7A7}.Ad-Hoc|Any CPU.Deploy.0 = Release|Any CPU
		{76410933-144B-4807-A155-0BB9F3E7D7A7}.Ad-Hoc|ARM.ActiveCfg = Release|Any CPU
		{76410933-144B-4807-A155-0BB9F3E7D7A7}.Ad-Hoc|ARM.Build.0 = Release|Any CPU
		{76410933-144B-4807-A155-0BB9F3E7D7A7}.Ad-Hoc|ARM.Deploy.0 = Release|Any CPU
		{76410933-144B-4807-A155-0BB9F3E7D7A7}.Ad-Hoc|iPhone.ActiveCfg = Release|Any CPU
		{76410933-144B-4807-A155-0BB9F3E7D7A7}.Ad-Hoc|iPhone.Build.0 = Release|Any CPU
		{76410933-144B-4807-A155-0BB9F3E7D7A7}.Ad-Hoc|iPhone.Deploy.0 = Release|Any CPU
		{76410933-144B-4807-A155-0BB9F3E7D7A7}.Ad-Hoc|iPhoneSimulator.ActiveCfg = Release|Any CPU
		{76410933-144B-4807-A155-0BB9F3E7D7A7}.Ad-Hoc|iPhoneSimulator.Build.0 = Release|Any CPU
		{76410933-144B-4807-A155-0BB9F3E7D7A7}.Ad-Hoc|iPhoneSimulator.Deploy.0 = Release|Any CPU
		{76410933-144B-4807-A155-0BB9F3E7D7A7}.Ad-Hoc|x64.ActiveCfg = Release|Any CPU
		{76410933-144B-4807-A155-0BB9F3E7D7A7}.Ad-Hoc|x64.Build.0 = Release|Any CPU
		{76410933-144B-4807-A155-0BB9F3E7D7A7}.Ad-Hoc|x64.Deploy.0 = Release|Any CPU
		{76410933-144B-4807-A155-0BB9F3E7D7A7}.Ad-Hoc|x86.ActiveCfg = Release|Any CPU
		{76410933-144B-4807-A155-0BB9F3E7D7A7}.Ad-Hoc|x86.Build.0 = Release|Any CPU
		{76410933-144B-4807-A155-0BB9F3E7D7A7}.Ad-Hoc|x86.Deploy.0 = Release|Any CPU
		{76410933-144B-4807-A155-0BB9F3E7D7A7}.AppStore|Any CPU.ActiveCfg = Release|Any CPU
		{76410933-144B-4807-A155-0BB9F3E7D7A7}.AppStore|Any CPU.Build.0 = Release|Any CPU
		{76410933-144B-4807-A155-0BB9F3E7D7A7}.AppStore|Any CPU.Deploy.0 = Release|Any CPU
		{76410933-144B-4807-A155-0BB9F3E7D7A7}.AppStore|ARM.ActiveCfg = Release|Any CPU
		{76410933-144B-4807-A155-0BB9F3E7D7A7}.AppStore|ARM.Build.0 = Release|Any CPU
		{76410933-144B-4807-A155-0BB9F3E7D7A7}.AppStore|ARM.Deploy.0 = Release|Any CPU
		{76410933-144B-4807-A155-0BB9F3E7D7A7}.AppStore|iPhone.ActiveCfg = Release|Any CPU
		{76410933-144B-4807-A155-0BB9F3E7D7A7}.AppStore|iPhone.Build.0 = Release|Any CPU
		{76410933-144B-4807-A155-0BB9F3E7D7A7}.AppStore|iPhone.Deploy.0 = Release|Any CPU
		{76410933-144B-4807-A155-0BB9F3E7D7A7}.AppStore|iPhoneSimulator.ActiveCfg = Release|Any CPU
		{76410933-144B-4807-A155-0BB9F3E7D7A7}.AppStore|iPhoneSimulator.Build.0 = Release|Any CPU
		{76410933-144B-4807-A155-0BB9F3E7D7A7}.AppStore|iPhoneSimulator.Deploy.0 = Release|Any CPU
		{76410933-144B-4807-A155-0BB9F3E7D7A7}.AppStore|x64.ActiveCfg = Release|Any CPU
		{76410933-144B-4807-A155-0BB9F3E7D7A7}.AppStore|x64.Build.0 = Release|Any CPU
		{76410933-144B-4807-A155-0BB9F3E7D7A7}.AppStore|x64.Deploy.0 = Release|Any CPU
		{76410933-144B-4807-A155-0BB9F3E7D7A7}.AppStore|x86.ActiveCfg = Release|Any CPU
		{76410933-144B-4807-A155-0BB9F3E7D7A7}.AppStore|x86.Build.0 = Release|Any CPU
		{76410933-144B-4807-A155-0BB9F3E7D7A7}.AppStore|x86.Deploy.0 = Release|Any CPU
		{76410933-144B-4807-A155-0BB9F3E7D7A7}.Debug|Any CPU.ActiveCfg = Debug|Any CPU
		{76410933-144B-4807-A155-0BB9F3E7D7A7}.Debug|Any CPU.Build.0 = Debug|Any CPU
		{76410933-144B-4807-A155-0BB9F3E7D7A7}.Debug|Any CPU.Deploy.0 = Debug|Any CPU
		{76410933-144B-4807-A155-0BB9F3E7D7A7}.Debug|ARM.ActiveCfg = Debug|Any CPU
		{76410933-144B-4807-A155-0BB9F3E7D7A7}.Debug|ARM.Build.0 = Debug|Any CPU
		{76410933-144B-4807-A155-0BB9F3E7D7A7}.Debug|ARM.Deploy.0 = Debug|Any CPU
		{76410933-144B-4807-A155-0BB9F3E7D7A7}.Debug|iPhone.ActiveCfg = Debug|Any CPU
		{76410933-144B-4807-A155-0BB9F3E7D7A7}.Debug|iPhone.Build.0 = Debug|Any CPU
		{76410933-144B-4807-A155-0BB9F3E7D7A7}.Debug|iPhone.Deploy.0 = Debug|Any CPU
		{76410933-144B-4807-A155-0BB9F3E7D7A7}.Debug|iPhoneSimulator.ActiveCfg = Debug|Any CPU
		{76410933-144B-4807-A155-0BB9F3E7D7A7}.Debug|iPhoneSimulator.Build.0 = Debug|Any CPU
		{76410933-144B-4807-A155-0BB9F3E7D7A7}.Debug|iPhoneSimulator.Deploy.0 = Debug|Any CPU
		{76410933-144B-4807-A155-0BB9F3E7D7A7}.Debug|x64.ActiveCfg = Debug|Any CPU
		{76410933-144B-4807-A155-0BB9F3E7D7A7}.Debug|x64.Build.0 = Debug|Any CPU
		{76410933-144B-4807-A155-0BB9F3E7D7A7}.Debug|x64.Deploy.0 = Debug|Any CPU
		{76410933-144B-4807-A155-0BB9F3E7D7A7}.Debug|x86.ActiveCfg = Debug|Any CPU
		{76410933-144B-4807-A155-0BB9F3E7D7A7}.Debug|x86.Build.0 = Debug|Any CPU
		{76410933-144B-4807-A155-0BB9F3E7D7A7}.Debug|x86.Deploy.0 = Debug|Any CPU
		{76410933-144B-4807-A155-0BB9F3E7D7A7}.Release|Any CPU.ActiveCfg = Release|Any CPU
		{76410933-144B-4807-A155-0BB9F3E7D7A7}.Release|Any CPU.Build.0 = Release|Any CPU
		{76410933-144B-4807-A155-0BB9F3E7D7A7}.Release|Any CPU.Deploy.0 = Release|Any CPU
		{76410933-144B-4807-A155-0BB9F3E7D7A7}.Release|ARM.ActiveCfg = Release|Any CPU
		{76410933-144B-4807-A155-0BB9F3E7D7A7}.Release|ARM.Build.0 = Release|Any CPU
		{76410933-144B-4807-A155-0BB9F3E7D7A7}.Release|ARM.Deploy.0 = Release|Any CPU
		{76410933-144B-4807-A155-0BB9F3E7D7A7}.Release|iPhone.ActiveCfg = Release|Any CPU
		{76410933-144B-4807-A155-0BB9F3E7D7A7}.Release|iPhone.Build.0 = Release|Any CPU
		{76410933-144B-4807-A155-0BB9F3E7D7A7}.Release|iPhone.Deploy.0 = Release|Any CPU
		{76410933-144B-4807-A155-0BB9F3E7D7A7}.Release|iPhoneSimulator.ActiveCfg = Release|Any CPU
		{76410933-144B-4807-A155-0BB9F3E7D7A7}.Release|iPhoneSimulator.Build.0 = Release|Any CPU
		{76410933-144B-4807-A155-0BB9F3E7D7A7}.Release|iPhoneSimulator.Deploy.0 = Release|Any CPU
		{76410933-144B-4807-A155-0BB9F3E7D7A7}.Release|x64.ActiveCfg = Release|Any CPU
		{76410933-144B-4807-A155-0BB9F3E7D7A7}.Release|x64.Build.0 = Release|Any CPU
		{76410933-144B-4807-A155-0BB9F3E7D7A7}.Release|x64.Deploy.0 = Release|Any CPU
		{76410933-144B-4807-A155-0BB9F3E7D7A7}.Release|x86.ActiveCfg = Release|Any CPU
		{76410933-144B-4807-A155-0BB9F3E7D7A7}.Release|x86.Build.0 = Release|Any CPU
		{76410933-144B-4807-A155-0BB9F3E7D7A7}.Release|x86.Deploy.0 = Release|Any CPU
		{3F1596FF-24E3-4DB8-A203-A3D2D72A69DD}.Ad-Hoc|Any CPU.ActiveCfg = Release|Any CPU
		{3F1596FF-24E3-4DB8-A203-A3D2D72A69DD}.Ad-Hoc|Any CPU.Build.0 = Release|Any CPU
		{3F1596FF-24E3-4DB8-A203-A3D2D72A69DD}.Ad-Hoc|ARM.ActiveCfg = Release|Any CPU
		{3F1596FF-24E3-4DB8-A203-A3D2D72A69DD}.Ad-Hoc|ARM.Build.0 = Release|Any CPU
		{3F1596FF-24E3-4DB8-A203-A3D2D72A69DD}.Ad-Hoc|iPhone.ActiveCfg = Release|Any CPU
		{3F1596FF-24E3-4DB8-A203-A3D2D72A69DD}.Ad-Hoc|iPhone.Build.0 = Release|Any CPU
		{3F1596FF-24E3-4DB8-A203-A3D2D72A69DD}.Ad-Hoc|iPhoneSimulator.ActiveCfg = Release|Any CPU
		{3F1596FF-24E3-4DB8-A203-A3D2D72A69DD}.Ad-Hoc|iPhoneSimulator.Build.0 = Release|Any CPU
		{3F1596FF-24E3-4DB8-A203-A3D2D72A69DD}.Ad-Hoc|x64.ActiveCfg = Release|Any CPU
		{3F1596FF-24E3-4DB8-A203-A3D2D72A69DD}.Ad-Hoc|x64.Build.0 = Release|Any CPU
		{3F1596FF-24E3-4DB8-A203-A3D2D72A69DD}.Ad-Hoc|x86.ActiveCfg = Release|Any CPU
		{3F1596FF-24E3-4DB8-A203-A3D2D72A69DD}.Ad-Hoc|x86.Build.0 = Release|Any CPU
		{3F1596FF-24E3-4DB8-A203-A3D2D72A69DD}.AppStore|Any CPU.ActiveCfg = Release|Any CPU
		{3F1596FF-24E3-4DB8-A203-A3D2D72A69DD}.AppStore|Any CPU.Build.0 = Release|Any CPU
		{3F1596FF-24E3-4DB8-A203-A3D2D72A69DD}.AppStore|ARM.ActiveCfg = Release|Any CPU
		{3F1596FF-24E3-4DB8-A203-A3D2D72A69DD}.AppStore|ARM.Build.0 = Release|Any CPU
		{3F1596FF-24E3-4DB8-A203-A3D2D72A69DD}.AppStore|iPhone.ActiveCfg = Release|Any CPU
		{3F1596FF-24E3-4DB8-A203-A3D2D72A69DD}.AppStore|iPhone.Build.0 = Release|Any CPU
		{3F1596FF-24E3-4DB8-A203-A3D2D72A69DD}.AppStore|iPhoneSimulator.ActiveCfg = Release|Any CPU
		{3F1596FF-24E3-4DB8-A203-A3D2D72A69DD}.AppStore|iPhoneSimulator.Build.0 = Release|Any CPU
		{3F1596FF-24E3-4DB8-A203-A3D2D72A69DD}.AppStore|x64.ActiveCfg = Release|Any CPU
		{3F1596FF-24E3-4DB8-A203-A3D2D72A69DD}.AppStore|x64.Build.0 = Release|Any CPU
		{3F1596FF-24E3-4DB8-A203-A3D2D72A69DD}.AppStore|x86.ActiveCfg = Release|Any CPU
		{3F1596FF-24E3-4DB8-A203-A3D2D72A69DD}.AppStore|x86.Build.0 = Release|Any CPU
		{3F1596FF-24E3-4DB8-A203-A3D2D72A69DD}.Debug|Any CPU.ActiveCfg = Debug|Any CPU
		{3F1596FF-24E3-4DB8-A203-A3D2D72A69DD}.Debug|Any CPU.Build.0 = Debug|Any CPU
		{3F1596FF-24E3-4DB8-A203-A3D2D72A69DD}.Debug|ARM.ActiveCfg = Debug|Any CPU
		{3F1596FF-24E3-4DB8-A203-A3D2D72A69DD}.Debug|ARM.Build.0 = Debug|Any CPU
		{3F1596FF-24E3-4DB8-A203-A3D2D72A69DD}.Debug|iPhone.ActiveCfg = Debug|Any CPU
		{3F1596FF-24E3-4DB8-A203-A3D2D72A69DD}.Debug|iPhone.Build.0 = Debug|Any CPU
		{3F1596FF-24E3-4DB8-A203-A3D2D72A69DD}.Debug|iPhoneSimulator.ActiveCfg = Debug|Any CPU
		{3F1596FF-24E3-4DB8-A203-A3D2D72A69DD}.Debug|iPhoneSimulator.Build.0 = Debug|Any CPU
		{3F1596FF-24E3-4DB8-A203-A3D2D72A69DD}.Debug|x64.ActiveCfg = Debug|Any CPU
		{3F1596FF-24E3-4DB8-A203-A3D2D72A69DD}.Debug|x64.Build.0 = Debug|Any CPU
		{3F1596FF-24E3-4DB8-A203-A3D2D72A69DD}.Debug|x86.ActiveCfg = Debug|Any CPU
		{3F1596FF-24E3-4DB8-A203-A3D2D72A69DD}.Debug|x86.Build.0 = Debug|Any CPU
		{3F1596FF-24E3-4DB8-A203-A3D2D72A69DD}.Release|Any CPU.ActiveCfg = Release|Any CPU
		{3F1596FF-24E3-4DB8-A203-A3D2D72A69DD}.Release|Any CPU.Build.0 = Release|Any CPU
		{3F1596FF-24E3-4DB8-A203-A3D2D72A69DD}.Release|ARM.ActiveCfg = Release|Any CPU
		{3F1596FF-24E3-4DB8-A203-A3D2D72A69DD}.Release|ARM.Build.0 = Release|Any CPU
		{3F1596FF-24E3-4DB8-A203-A3D2D72A69DD}.Release|iPhone.ActiveCfg = Release|Any CPU
		{3F1596FF-24E3-4DB8-A203-A3D2D72A69DD}.Release|iPhone.Build.0 = Release|Any CPU
		{3F1596FF-24E3-4DB8-A203-A3D2D72A69DD}.Release|iPhoneSimulator.ActiveCfg = Release|Any CPU
		{3F1596FF-24E3-4DB8-A203-A3D2D72A69DD}.Release|iPhoneSimulator.Build.0 = Release|Any CPU
		{3F1596FF-24E3-4DB8-A203-A3D2D72A69DD}.Release|x64.ActiveCfg = Release|Any CPU
		{3F1596FF-24E3-4DB8-A203-A3D2D72A69DD}.Release|x64.Build.0 = Release|Any CPU
		{3F1596FF-24E3-4DB8-A203-A3D2D72A69DD}.Release|x86.ActiveCfg = Release|Any CPU
		{3F1596FF-24E3-4DB8-A203-A3D2D72A69DD}.Release|x86.Build.0 = Release|Any CPU
		{4EC5DC4E-19C3-4C19-ABAE-FAFAB023273D}.Ad-Hoc|Any CPU.ActiveCfg = Release|Any CPU
		{4EC5DC4E-19C3-4C19-ABAE-FAFAB023273D}.Ad-Hoc|Any CPU.Build.0 = Release|Any CPU
		{4EC5DC4E-19C3-4C19-ABAE-FAFAB023273D}.Ad-Hoc|Any CPU.Deploy.0 = Release|Any CPU
		{4EC5DC4E-19C3-4C19-ABAE-FAFAB023273D}.Ad-Hoc|ARM.ActiveCfg = Release|ARM
		{4EC5DC4E-19C3-4C19-ABAE-FAFAB023273D}.Ad-Hoc|ARM.Build.0 = Release|ARM
		{4EC5DC4E-19C3-4C19-ABAE-FAFAB023273D}.Ad-Hoc|ARM.Deploy.0 = Release|ARM
		{4EC5DC4E-19C3-4C19-ABAE-FAFAB023273D}.Ad-Hoc|iPhone.ActiveCfg = Release|Any CPU
		{4EC5DC4E-19C3-4C19-ABAE-FAFAB023273D}.Ad-Hoc|iPhone.Build.0 = Release|Any CPU
		{4EC5DC4E-19C3-4C19-ABAE-FAFAB023273D}.Ad-Hoc|iPhone.Deploy.0 = Release|Any CPU
		{4EC5DC4E-19C3-4C19-ABAE-FAFAB023273D}.Ad-Hoc|iPhoneSimulator.ActiveCfg = Release|Any CPU
		{4EC5DC4E-19C3-4C19-ABAE-FAFAB023273D}.Ad-Hoc|iPhoneSimulator.Build.0 = Release|Any CPU
		{4EC5DC4E-19C3-4C19-ABAE-FAFAB023273D}.Ad-Hoc|iPhoneSimulator.Deploy.0 = Release|Any CPU
		{4EC5DC4E-19C3-4C19-ABAE-FAFAB023273D}.Ad-Hoc|x64.ActiveCfg = Release|Any CPU
		{4EC5DC4E-19C3-4C19-ABAE-FAFAB023273D}.Ad-Hoc|x64.Build.0 = Release|Any CPU
		{4EC5DC4E-19C3-4C19-ABAE-FAFAB023273D}.Ad-Hoc|x64.Deploy.0 = Release|Any CPU
		{4EC5DC4E-19C3-4C19-ABAE-FAFAB023273D}.Ad-Hoc|x86.ActiveCfg = Release|x86
		{4EC5DC4E-19C3-4C19-ABAE-FAFAB023273D}.Ad-Hoc|x86.Build.0 = Release|x86
		{4EC5DC4E-19C3-4C19-ABAE-FAFAB023273D}.Ad-Hoc|x86.Deploy.0 = Release|x86
		{4EC5DC4E-19C3-4C19-ABAE-FAFAB023273D}.AppStore|Any CPU.ActiveCfg = Release|Any CPU
		{4EC5DC4E-19C3-4C19-ABAE-FAFAB023273D}.AppStore|Any CPU.Build.0 = Release|Any CPU
		{4EC5DC4E-19C3-4C19-ABAE-FAFAB023273D}.AppStore|Any CPU.Deploy.0 = Release|Any CPU
		{4EC5DC4E-19C3-4C19-ABAE-FAFAB023273D}.AppStore|ARM.ActiveCfg = Release|ARM
		{4EC5DC4E-19C3-4C19-ABAE-FAFAB023273D}.AppStore|ARM.Build.0 = Release|ARM
		{4EC5DC4E-19C3-4C19-ABAE-FAFAB023273D}.AppStore|ARM.Deploy.0 = Release|ARM
		{4EC5DC4E-19C3-4C19-ABAE-FAFAB023273D}.AppStore|iPhone.ActiveCfg = Release|Any CPU
		{4EC5DC4E-19C3-4C19-ABAE-FAFAB023273D}.AppStore|iPhone.Build.0 = Release|Any CPU
		{4EC5DC4E-19C3-4C19-ABAE-FAFAB023273D}.AppStore|iPhone.Deploy.0 = Release|Any CPU
		{4EC5DC4E-19C3-4C19-ABAE-FAFAB023273D}.AppStore|iPhoneSimulator.ActiveCfg = Release|Any CPU
		{4EC5DC4E-19C3-4C19-ABAE-FAFAB023273D}.AppStore|iPhoneSimulator.Build.0 = Release|Any CPU
		{4EC5DC4E-19C3-4C19-ABAE-FAFAB023273D}.AppStore|iPhoneSimulator.Deploy.0 = Release|Any CPU
		{4EC5DC4E-19C3-4C19-ABAE-FAFAB023273D}.AppStore|x64.ActiveCfg = Release|Any CPU
		{4EC5DC4E-19C3-4C19-ABAE-FAFAB023273D}.AppStore|x64.Build.0 = Release|Any CPU
		{4EC5DC4E-19C3-4C19-ABAE-FAFAB023273D}.AppStore|x64.Deploy.0 = Release|Any CPU
		{4EC5DC4E-19C3-4C19-ABAE-FAFAB023273D}.AppStore|x86.ActiveCfg = Release|x86
		{4EC5DC4E-19C3-4C19-ABAE-FAFAB023273D}.AppStore|x86.Build.0 = Release|x86
		{4EC5DC4E-19C3-4C19-ABAE-FAFAB023273D}.AppStore|x86.Deploy.0 = Release|x86
		{4EC5DC4E-19C3-4C19-ABAE-FAFAB023273D}.Debug|Any CPU.ActiveCfg = Debug|Any CPU
		{4EC5DC4E-19C3-4C19-ABAE-FAFAB023273D}.Debug|Any CPU.Build.0 = Debug|Any CPU
		{4EC5DC4E-19C3-4C19-ABAE-FAFAB023273D}.Debug|Any CPU.Deploy.0 = Debug|Any CPU
		{4EC5DC4E-19C3-4C19-ABAE-FAFAB023273D}.Debug|ARM.ActiveCfg = Debug|ARM
		{4EC5DC4E-19C3-4C19-ABAE-FAFAB023273D}.Debug|ARM.Build.0 = Debug|ARM
		{4EC5DC4E-19C3-4C19-ABAE-FAFAB023273D}.Debug|ARM.Deploy.0 = Debug|ARM
		{4EC5DC4E-19C3-4C19-ABAE-FAFAB023273D}.Debug|iPhone.ActiveCfg = Debug|Any CPU
		{4EC5DC4E-19C3-4C19-ABAE-FAFAB023273D}.Debug|iPhone.Build.0 = Debug|Any CPU
		{4EC5DC4E-19C3-4C19-ABAE-FAFAB023273D}.Debug|iPhone.Deploy.0 = Debug|Any CPU
		{4EC5DC4E-19C3-4C19-ABAE-FAFAB023273D}.Debug|iPhoneSimulator.ActiveCfg = Debug|Any CPU
		{4EC5DC4E-19C3-4C19-ABAE-FAFAB023273D}.Debug|iPhoneSimulator.Build.0 = Debug|Any CPU
		{4EC5DC4E-19C3-4C19-ABAE-FAFAB023273D}.Debug|iPhoneSimulator.Deploy.0 = Debug|Any CPU
		{4EC5DC4E-19C3-4C19-ABAE-FAFAB023273D}.Debug|x64.ActiveCfg = Debug|Any CPU
		{4EC5DC4E-19C3-4C19-ABAE-FAFAB023273D}.Debug|x64.Build.0 = Debug|Any CPU
		{4EC5DC4E-19C3-4C19-ABAE-FAFAB023273D}.Debug|x64.Deploy.0 = Debug|Any CPU
		{4EC5DC4E-19C3-4C19-ABAE-FAFAB023273D}.Debug|x86.ActiveCfg = Debug|x86
		{4EC5DC4E-19C3-4C19-ABAE-FAFAB023273D}.Debug|x86.Build.0 = Debug|x86
		{4EC5DC4E-19C3-4C19-ABAE-FAFAB023273D}.Debug|x86.Deploy.0 = Debug|x86
		{4EC5DC4E-19C3-4C19-ABAE-FAFAB023273D}.Release|Any CPU.ActiveCfg = Release|Any CPU
		{4EC5DC4E-19C3-4C19-ABAE-FAFAB023273D}.Release|Any CPU.Build.0 = Release|Any CPU
		{4EC5DC4E-19C3-4C19-ABAE-FAFAB023273D}.Release|Any CPU.Deploy.0 = Release|Any CPU
		{4EC5DC4E-19C3-4C19-ABAE-FAFAB023273D}.Release|ARM.ActiveCfg = Release|ARM
		{4EC5DC4E-19C3-4C19-ABAE-FAFAB023273D}.Release|ARM.Build.0 = Release|ARM
		{4EC5DC4E-19C3-4C19-ABAE-FAFAB023273D}.Release|ARM.Deploy.0 = Release|ARM
		{4EC5DC4E-19C3-4C19-ABAE-FAFAB023273D}.Release|iPhone.ActiveCfg = Release|Any CPU
		{4EC5DC4E-19C3-4C19-ABAE-FAFAB023273D}.Release|iPhone.Build.0 = Release|Any CPU
		{4EC5DC4E-19C3-4C19-ABAE-FAFAB023273D}.Release|iPhone.Deploy.0 = Release|Any CPU
		{4EC5DC4E-19C3-4C19-ABAE-FAFAB023273D}.Release|iPhoneSimulator.ActiveCfg = Release|Any CPU
		{4EC5DC4E-19C3-4C19-ABAE-FAFAB023273D}.Release|iPhoneSimulator.Build.0 = Release|Any CPU
		{4EC5DC4E-19C3-4C19-ABAE-FAFAB023273D}.Release|iPhoneSimulator.Deploy.0 = Release|Any CPU
		{4EC5DC4E-19C3-4C19-ABAE-FAFAB023273D}.Release|x64.ActiveCfg = Release|Any CPU
		{4EC5DC4E-19C3-4C19-ABAE-FAFAB023273D}.Release|x64.Build.0 = Release|Any CPU
		{4EC5DC4E-19C3-4C19-ABAE-FAFAB023273D}.Release|x64.Deploy.0 = Release|Any CPU
		{4EC5DC4E-19C3-4C19-ABAE-FAFAB023273D}.Release|x86.ActiveCfg = Release|x86
		{4EC5DC4E-19C3-4C19-ABAE-FAFAB023273D}.Release|x86.Build.0 = Release|x86
		{4EC5DC4E-19C3-4C19-ABAE-FAFAB023273D}.Release|x86.Deploy.0 = Release|x86
		{F9E67A1E-F9F4-4568-A414-7270FA0459D9}.Ad-Hoc|Any CPU.ActiveCfg = Release|x86
		{F9E67A1E-F9F4-4568-A414-7270FA0459D9}.Ad-Hoc|Any CPU.Build.0 = Release|x86
		{F9E67A1E-F9F4-4568-A414-7270FA0459D9}.Ad-Hoc|Any CPU.Deploy.0 = Release|x86
		{F9E67A1E-F9F4-4568-A414-7270FA0459D9}.Ad-Hoc|ARM.ActiveCfg = Release|ARM
		{F9E67A1E-F9F4-4568-A414-7270FA0459D9}.Ad-Hoc|ARM.Build.0 = Release|ARM
		{F9E67A1E-F9F4-4568-A414-7270FA0459D9}.Ad-Hoc|ARM.Deploy.0 = Release|ARM
		{F9E67A1E-F9F4-4568-A414-7270FA0459D9}.Ad-Hoc|iPhone.ActiveCfg = Release|x86
		{F9E67A1E-F9F4-4568-A414-7270FA0459D9}.Ad-Hoc|iPhone.Build.0 = Release|x86
		{F9E67A1E-F9F4-4568-A414-7270FA0459D9}.Ad-Hoc|iPhone.Deploy.0 = Release|x86
		{F9E67A1E-F9F4-4568-A414-7270FA0459D9}.Ad-Hoc|iPhoneSimulator.ActiveCfg = Release|x86
		{F9E67A1E-F9F4-4568-A414-7270FA0459D9}.Ad-Hoc|iPhoneSimulator.Build.0 = Release|x86
		{F9E67A1E-F9F4-4568-A414-7270FA0459D9}.Ad-Hoc|iPhoneSimulator.Deploy.0 = Release|x86
		{F9E67A1E-F9F4-4568-A414-7270FA0459D9}.Ad-Hoc|x64.ActiveCfg = Release|x64
		{F9E67A1E-F9F4-4568-A414-7270FA0459D9}.Ad-Hoc|x64.Build.0 = Release|x64
		{F9E67A1E-F9F4-4568-A414-7270FA0459D9}.Ad-Hoc|x64.Deploy.0 = Release|x64
		{F9E67A1E-F9F4-4568-A414-7270FA0459D9}.Ad-Hoc|x86.ActiveCfg = Release|x86
		{F9E67A1E-F9F4-4568-A414-7270FA0459D9}.Ad-Hoc|x86.Build.0 = Release|x86
		{F9E67A1E-F9F4-4568-A414-7270FA0459D9}.Ad-Hoc|x86.Deploy.0 = Release|x86
		{F9E67A1E-F9F4-4568-A414-7270FA0459D9}.AppStore|Any CPU.ActiveCfg = Release|x86
		{F9E67A1E-F9F4-4568-A414-7270FA0459D9}.AppStore|Any CPU.Build.0 = Release|x86
		{F9E67A1E-F9F4-4568-A414-7270FA0459D9}.AppStore|Any CPU.Deploy.0 = Release|x86
		{F9E67A1E-F9F4-4568-A414-7270FA0459D9}.AppStore|ARM.ActiveCfg = Release|ARM
		{F9E67A1E-F9F4-4568-A414-7270FA0459D9}.AppStore|ARM.Build.0 = Release|ARM
		{F9E67A1E-F9F4-4568-A414-7270FA0459D9}.AppStore|ARM.Deploy.0 = Release|ARM
		{F9E67A1E-F9F4-4568-A414-7270FA0459D9}.AppStore|iPhone.ActiveCfg = Release|x86
		{F9E67A1E-F9F4-4568-A414-7270FA0459D9}.AppStore|iPhone.Build.0 = Release|x86
		{F9E67A1E-F9F4-4568-A414-7270FA0459D9}.AppStore|iPhone.Deploy.0 = Release|x86
		{F9E67A1E-F9F4-4568-A414-7270FA0459D9}.AppStore|iPhoneSimulator.ActiveCfg = Release|x86
		{F9E67A1E-F9F4-4568-A414-7270FA0459D9}.AppStore|iPhoneSimulator.Build.0 = Release|x86
		{F9E67A1E-F9F4-4568-A414-7270FA0459D9}.AppStore|iPhoneSimulator.Deploy.0 = Release|x86
		{F9E67A1E-F9F4-4568-A414-7270FA0459D9}.AppStore|x64.ActiveCfg = Release|x64
		{F9E67A1E-F9F4-4568-A414-7270FA0459D9}.AppStore|x64.Build.0 = Release|x64
		{F9E67A1E-F9F4-4568-A414-7270FA0459D9}.AppStore|x64.Deploy.0 = Release|x64
		{F9E67A1E-F9F4-4568-A414-7270FA0459D9}.AppStore|x86.ActiveCfg = Release|x86
		{F9E67A1E-F9F4-4568-A414-7270FA0459D9}.AppStore|x86.Build.0 = Release|x86
		{F9E67A1E-F9F4-4568-A414-7270FA0459D9}.AppStore|x86.Deploy.0 = Release|x86
		{F9E67A1E-F9F4-4568-A414-7270FA0459D9}.Debug|Any CPU.ActiveCfg = Debug|x86
		{F9E67A1E-F9F4-4568-A414-7270FA0459D9}.Debug|ARM.ActiveCfg = Debug|ARM
		{F9E67A1E-F9F4-4568-A414-7270FA0459D9}.Debug|ARM.Build.0 = Debug|ARM
		{F9E67A1E-F9F4-4568-A414-7270FA0459D9}.Debug|ARM.Deploy.0 = Debug|ARM
		{F9E67A1E-F9F4-4568-A414-7270FA0459D9}.Debug|iPhone.ActiveCfg = Debug|x86
		{F9E67A1E-F9F4-4568-A414-7270FA0459D9}.Debug|iPhoneSimulator.ActiveCfg = Debug|x86
		{F9E67A1E-F9F4-4568-A414-7270FA0459D9}.Debug|x64.ActiveCfg = Debug|x64
		{F9E67A1E-F9F4-4568-A414-7270FA0459D9}.Debug|x64.Build.0 = Debug|x64
		{F9E67A1E-F9F4-4568-A414-7270FA0459D9}.Debug|x64.Deploy.0 = Debug|x64
		{F9E67A1E-F9F4-4568-A414-7270FA0459D9}.Debug|x86.ActiveCfg = Debug|x86
		{F9E67A1E-F9F4-4568-A414-7270FA0459D9}.Debug|x86.Build.0 = Debug|x86
		{F9E67A1E-F9F4-4568-A414-7270FA0459D9}.Debug|x86.Deploy.0 = Debug|x86
		{F9E67A1E-F9F4-4568-A414-7270FA0459D9}.Release|Any CPU.ActiveCfg = Release|x86
		{F9E67A1E-F9F4-4568-A414-7270FA0459D9}.Release|ARM.ActiveCfg = Release|ARM
		{F9E67A1E-F9F4-4568-A414-7270FA0459D9}.Release|ARM.Build.0 = Release|ARM
		{F9E67A1E-F9F4-4568-A414-7270FA0459D9}.Release|ARM.Deploy.0 = Release|ARM
		{F9E67A1E-F9F4-4568-A414-7270FA0459D9}.Release|iPhone.ActiveCfg = Release|x86
		{F9E67A1E-F9F4-4568-A414-7270FA0459D9}.Release|iPhoneSimulator.ActiveCfg = Release|x86
		{F9E67A1E-F9F4-4568-A414-7270FA0459D9}.Release|x64.ActiveCfg = Release|x64
		{F9E67A1E-F9F4-4568-A414-7270FA0459D9}.Release|x64.Build.0 = Release|x64
		{F9E67A1E-F9F4-4568-A414-7270FA0459D9}.Release|x64.Deploy.0 = Release|x64
		{F9E67A1E-F9F4-4568-A414-7270FA0459D9}.Release|x86.ActiveCfg = Release|x86
		{F9E67A1E-F9F4-4568-A414-7270FA0459D9}.Release|x86.Build.0 = Release|x86
		{F9E67A1E-F9F4-4568-A414-7270FA0459D9}.Release|x86.Deploy.0 = Release|x86
		{3A8A038E-1C0E-4B88-976C-D532D5022681}.Ad-Hoc|Any CPU.ActiveCfg = Ad-Hoc|iPhone
		{3A8A038E-1C0E-4B88-976C-D532D5022681}.Ad-Hoc|ARM.ActiveCfg = Ad-Hoc|iPhone
		{3A8A038E-1C0E-4B88-976C-D532D5022681}.Ad-Hoc|iPhone.ActiveCfg = Ad-Hoc|iPhone
		{3A8A038E-1C0E-4B88-976C-D532D5022681}.Ad-Hoc|iPhone.Build.0 = Ad-Hoc|iPhone
		{3A8A038E-1C0E-4B88-976C-D532D5022681}.Ad-Hoc|iPhoneSimulator.ActiveCfg = Ad-Hoc|iPhoneSimulator
		{3A8A038E-1C0E-4B88-976C-D532D5022681}.Ad-Hoc|iPhoneSimulator.Build.0 = Ad-Hoc|iPhoneSimulator
		{3A8A038E-1C0E-4B88-976C-D532D5022681}.Ad-Hoc|x64.ActiveCfg = Ad-Hoc|iPhone
		{3A8A038E-1C0E-4B88-976C-D532D5022681}.Ad-Hoc|x86.ActiveCfg = Ad-Hoc|iPhone
		{3A8A038E-1C0E-4B88-976C-D532D5022681}.AppStore|Any CPU.ActiveCfg = AppStore|iPhone
		{3A8A038E-1C0E-4B88-976C-D532D5022681}.AppStore|ARM.ActiveCfg = AppStore|iPhone
		{3A8A038E-1C0E-4B88-976C-D532D5022681}.AppStore|iPhone.ActiveCfg = AppStore|iPhone
		{3A8A038E-1C0E-4B88-976C-D532D5022681}.AppStore|iPhone.Build.0 = AppStore|iPhone
		{3A8A038E-1C0E-4B88-976C-D532D5022681}.AppStore|iPhoneSimulator.ActiveCfg = AppStore|iPhoneSimulator
		{3A8A038E-1C0E-4B88-976C-D532D5022681}.AppStore|iPhoneSimulator.Build.0 = AppStore|iPhoneSimulator
		{3A8A038E-1C0E-4B88-976C-D532D5022681}.AppStore|x64.ActiveCfg = AppStore|iPhone
		{3A8A038E-1C0E-4B88-976C-D532D5022681}.AppStore|x86.ActiveCfg = AppStore|iPhone
		{3A8A038E-1C0E-4B88-976C-D532D5022681}.Debug|Any CPU.ActiveCfg = Debug|iPhone
		{3A8A038E-1C0E-4B88-976C-D532D5022681}.Debug|ARM.ActiveCfg = Debug|iPhone
		{3A8A038E-1C0E-4B88-976C-D532D5022681}.Debug|iPhone.ActiveCfg = Debug|iPhone
		{3A8A038E-1C0E-4B88-976C-D532D5022681}.Debug|iPhone.Build.0 = Debug|iPhone
		{3A8A038E-1C0E-4B88-976C-D532D5022681}.Debug|iPhoneSimulator.ActiveCfg = Debug|iPhoneSimulator
		{3A8A038E-1C0E-4B88-976C-D532D5022681}.Debug|iPhoneSimulator.Build.0 = Debug|iPhoneSimulator
		{3A8A038E-1C0E-4B88-976C-D532D5022681}.Debug|x64.ActiveCfg = Debug|iPhone
		{3A8A038E-1C0E-4B88-976C-D532D5022681}.Debug|x86.ActiveCfg = Debug|iPhone
		{3A8A038E-1C0E-4B88-976C-D532D5022681}.Release|Any CPU.ActiveCfg = Release|iPhone
		{3A8A038E-1C0E-4B88-976C-D532D5022681}.Release|ARM.ActiveCfg = Release|iPhone
		{3A8A038E-1C0E-4B88-976C-D532D5022681}.Release|iPhone.ActiveCfg = Release|iPhone
		{3A8A038E-1C0E-4B88-976C-D532D5022681}.Release|iPhone.Build.0 = Release|iPhone
		{3A8A038E-1C0E-4B88-976C-D532D5022681}.Release|iPhoneSimulator.ActiveCfg = Release|iPhoneSimulator
		{3A8A038E-1C0E-4B88-976C-D532D5022681}.Release|iPhoneSimulator.Build.0 = Release|iPhoneSimulator
		{3A8A038E-1C0E-4B88-976C-D532D5022681}.Release|x64.ActiveCfg = Release|iPhone
		{3A8A038E-1C0E-4B88-976C-D532D5022681}.Release|x86.ActiveCfg = Release|iPhone
		{C0442550-6605-4C2A-BA93-20CDF6096016}.Ad-Hoc|Any CPU.ActiveCfg = Release|Any CPU
		{C0442550-6605-4C2A-BA93-20CDF6096016}.Ad-Hoc|Any CPU.Build.0 = Release|Any CPU
		{C0442550-6605-4C2A-BA93-20CDF6096016}.Ad-Hoc|Any CPU.Deploy.0 = Release|Any CPU
		{C0442550-6605-4C2A-BA93-20CDF6096016}.Ad-Hoc|ARM.ActiveCfg = Release|ARM
		{C0442550-6605-4C2A-BA93-20CDF6096016}.Ad-Hoc|ARM.Build.0 = Release|ARM
		{C0442550-6605-4C2A-BA93-20CDF6096016}.Ad-Hoc|ARM.Deploy.0 = Release|ARM
		{C0442550-6605-4C2A-BA93-20CDF6096016}.Ad-Hoc|iPhone.ActiveCfg = Release|Any CPU
		{C0442550-6605-4C2A-BA93-20CDF6096016}.Ad-Hoc|iPhone.Build.0 = Release|Any CPU
		{C0442550-6605-4C2A-BA93-20CDF6096016}.Ad-Hoc|iPhone.Deploy.0 = Release|Any CPU
		{C0442550-6605-4C2A-BA93-20CDF6096016}.Ad-Hoc|iPhoneSimulator.ActiveCfg = Release|Any CPU
		{C0442550-6605-4C2A-BA93-20CDF6096016}.Ad-Hoc|iPhoneSimulator.Build.0 = Release|Any CPU
		{C0442550-6605-4C2A-BA93-20CDF6096016}.Ad-Hoc|iPhoneSimulator.Deploy.0 = Release|Any CPU
		{C0442550-6605-4C2A-BA93-20CDF6096016}.Ad-Hoc|x64.ActiveCfg = Release|x64
		{C0442550-6605-4C2A-BA93-20CDF6096016}.Ad-Hoc|x64.Build.0 = Release|x64
		{C0442550-6605-4C2A-BA93-20CDF6096016}.Ad-Hoc|x64.Deploy.0 = Release|x64
		{C0442550-6605-4C2A-BA93-20CDF6096016}.Ad-Hoc|x86.ActiveCfg = Release|x86
		{C0442550-6605-4C2A-BA93-20CDF6096016}.Ad-Hoc|x86.Build.0 = Release|x86
		{C0442550-6605-4C2A-BA93-20CDF6096016}.Ad-Hoc|x86.Deploy.0 = Release|x86
		{C0442550-6605-4C2A-BA93-20CDF6096016}.AppStore|Any CPU.ActiveCfg = Release|Any CPU
		{C0442550-6605-4C2A-BA93-20CDF6096016}.AppStore|Any CPU.Build.0 = Release|Any CPU
		{C0442550-6605-4C2A-BA93-20CDF6096016}.AppStore|Any CPU.Deploy.0 = Release|Any CPU
		{C0442550-6605-4C2A-BA93-20CDF6096016}.AppStore|ARM.ActiveCfg = Release|ARM
		{C0442550-6605-4C2A-BA93-20CDF6096016}.AppStore|ARM.Build.0 = Release|ARM
		{C0442550-6605-4C2A-BA93-20CDF6096016}.AppStore|ARM.Deploy.0 = Release|ARM
		{C0442550-6605-4C2A-BA93-20CDF6096016}.AppStore|iPhone.ActiveCfg = Release|Any CPU
		{C0442550-6605-4C2A-BA93-20CDF6096016}.AppStore|iPhone.Build.0 = Release|Any CPU
		{C0442550-6605-4C2A-BA93-20CDF6096016}.AppStore|iPhone.Deploy.0 = Release|Any CPU
		{C0442550-6605-4C2A-BA93-20CDF6096016}.AppStore|iPhoneSimulator.ActiveCfg = Release|Any CPU
		{C0442550-6605-4C2A-BA93-20CDF6096016}.AppStore|iPhoneSimulator.Build.0 = Release|Any CPU
		{C0442550-6605-4C2A-BA93-20CDF6096016}.AppStore|iPhoneSimulator.Deploy.0 = Release|Any CPU
		{C0442550-6605-4C2A-BA93-20CDF6096016}.AppStore|x64.ActiveCfg = Release|x64
		{C0442550-6605-4C2A-BA93-20CDF6096016}.AppStore|x64.Build.0 = Release|x64
		{C0442550-6605-4C2A-BA93-20CDF6096016}.AppStore|x64.Deploy.0 = Release|x64
		{C0442550-6605-4C2A-BA93-20CDF6096016}.AppStore|x86.ActiveCfg = Release|x86
		{C0442550-6605-4C2A-BA93-20CDF6096016}.AppStore|x86.Build.0 = Release|x86
		{C0442550-6605-4C2A-BA93-20CDF6096016}.AppStore|x86.Deploy.0 = Release|x86
		{C0442550-6605-4C2A-BA93-20CDF6096016}.Debug|Any CPU.ActiveCfg = Debug|Any CPU
		{C0442550-6605-4C2A-BA93-20CDF6096016}.Debug|Any CPU.Build.0 = Debug|Any CPU
		{C0442550-6605-4C2A-BA93-20CDF6096016}.Debug|Any CPU.Deploy.0 = Debug|Any CPU
		{C0442550-6605-4C2A-BA93-20CDF6096016}.Debug|ARM.ActiveCfg = Debug|ARM
		{C0442550-6605-4C2A-BA93-20CDF6096016}.Debug|ARM.Build.0 = Debug|ARM
		{C0442550-6605-4C2A-BA93-20CDF6096016}.Debug|ARM.Deploy.0 = Debug|ARM
		{C0442550-6605-4C2A-BA93-20CDF6096016}.Debug|iPhone.ActiveCfg = Debug|Any CPU
		{C0442550-6605-4C2A-BA93-20CDF6096016}.Debug|iPhone.Build.0 = Debug|Any CPU
		{C0442550-6605-4C2A-BA93-20CDF6096016}.Debug|iPhone.Deploy.0 = Debug|Any CPU
		{C0442550-6605-4C2A-BA93-20CDF6096016}.Debug|iPhoneSimulator.ActiveCfg = Debug|Any CPU
		{C0442550-6605-4C2A-BA93-20CDF6096016}.Debug|iPhoneSimulator.Build.0 = Debug|Any CPU
		{C0442550-6605-4C2A-BA93-20CDF6096016}.Debug|iPhoneSimulator.Deploy.0 = Debug|Any CPU
		{C0442550-6605-4C2A-BA93-20CDF6096016}.Debug|x64.ActiveCfg = Debug|x64
		{C0442550-6605-4C2A-BA93-20CDF6096016}.Debug|x64.Build.0 = Debug|x64
		{C0442550-6605-4C2A-BA93-20CDF6096016}.Debug|x64.Deploy.0 = Debug|x64
		{C0442550-6605-4C2A-BA93-20CDF6096016}.Debug|x86.ActiveCfg = Debug|x86
		{C0442550-6605-4C2A-BA93-20CDF6096016}.Debug|x86.Build.0 = Debug|x86
		{C0442550-6605-4C2A-BA93-20CDF6096016}.Debug|x86.Deploy.0 = Debug|x86
		{C0442550-6605-4C2A-BA93-20CDF6096016}.Release|Any CPU.ActiveCfg = Release|Any CPU
		{C0442550-6605-4C2A-BA93-20CDF6096016}.Release|Any CPU.Build.0 = Release|Any CPU
		{C0442550-6605-4C2A-BA93-20CDF6096016}.Release|Any CPU.Deploy.0 = Release|Any CPU
		{C0442550-6605-4C2A-BA93-20CDF6096016}.Release|ARM.ActiveCfg = Release|ARM
		{C0442550-6605-4C2A-BA93-20CDF6096016}.Release|ARM.Build.0 = Release|ARM
		{C0442550-6605-4C2A-BA93-20CDF6096016}.Release|ARM.Deploy.0 = Release|ARM
		{C0442550-6605-4C2A-BA93-20CDF6096016}.Release|iPhone.ActiveCfg = Release|Any CPU
		{C0442550-6605-4C2A-BA93-20CDF6096016}.Release|iPhone.Build.0 = Release|Any CPU
		{C0442550-6605-4C2A-BA93-20CDF6096016}.Release|iPhone.Deploy.0 = Release|Any CPU
		{C0442550-6605-4C2A-BA93-20CDF6096016}.Release|iPhoneSimulator.ActiveCfg = Release|Any CPU
		{C0442550-6605-4C2A-BA93-20CDF6096016}.Release|iPhoneSimulator.Build.0 = Release|Any CPU
		{C0442550-6605-4C2A-BA93-20CDF6096016}.Release|iPhoneSimulator.Deploy.0 = Release|Any CPU
		{C0442550-6605-4C2A-BA93-20CDF6096016}.Release|x64.ActiveCfg = Release|x64
		{C0442550-6605-4C2A-BA93-20CDF6096016}.Release|x64.Build.0 = Release|x64
		{C0442550-6605-4C2A-BA93-20CDF6096016}.Release|x64.Deploy.0 = Release|x64
		{C0442550-6605-4C2A-BA93-20CDF6096016}.Release|x86.ActiveCfg = Release|x86
		{C0442550-6605-4C2A-BA93-20CDF6096016}.Release|x86.Build.0 = Release|x86
		{C0442550-6605-4C2A-BA93-20CDF6096016}.Release|x86.Deploy.0 = Release|x86
	EndGlobalSection
	GlobalSection(SolutionProperties) = preSolution
		HideSolutionNode = FALSE
	EndGlobalSection
EndGlobal
